
Microsoft Visual Studio Solution File, Format Version 12.00
# Visual Studio 15
VisualStudioVersion = 15.0.27703.2047
MinimumVisualStudioVersion = 10.0.40219.1
Project("{FAE04EC0-301F-11D3-BF4B-00C04F79EFBC}") = "LINQ. Class String", "LINQ. Class String\LINQ. Class String.csproj", "{00129A0A-05DB-42DD-A754-70273B0FBD9E}"
EndProject
Global
	GlobalSection(SolutionConfigurationPlatforms) = preSolution
		Debug|Any CPU = Debug|Any CPU
		Release|Any CPU = Release|Any CPU
	EndGlobalSection
	GlobalSection(ProjectConfigurationPlatforms) = postSolution
		{00129A0A-05DB-42DD-A754-70273B0FBD9E}.Debug|Any CPU.ActiveCfg = Debug|Any CPU
		{00129A0A-05DB-42DD-A754-70273B0FBD9E}.Debug|Any CPU.Build.0 = Debug|Any CPU
		{00129A0A-05DB-42DD-A754-70273B0FBD9E}.Release|Any CPU.ActiveCfg = Release|Any CPU
		{00129A0A-05DB-42DD-A754-70273B0FBD9E}.Release|Any CPU.Build.0 = Release|Any CPU
	EndGlobalSection
	GlobalSection(SolutionProperties) = preSolution
		HideSolutionNode = FALSE
	EndGlobalSection
	GlobalSection(ExtensibilityGlobals) = postSolution
		SolutionGuid = {6C158069-AF77-4453-83EF-1F3B4F66994D}
	EndGlobalSection
EndGlobal
